
Microsoft Visual Studio Solution File, Format Version 12.00
# Visual Studio Version 16
VisualStudioVersion = 16.0.32630.194
MinimumVisualStudioVersion = 10.0.40219.1
Project("{FAE04EC0-301F-11D3-BF4B-00C04F79EFBC}") = "Primera practica de ASP", "Primera practica de ASP\Primera practica de ASP.csproj", "{FB9C2DF3-3959-47C2-BD86-4BD2F185AA83}"
EndProject
Global
	GlobalSection(SolutionConfigurationPlatforms) = preSolution
		Debug|Any CPU = Debug|Any CPU
		Release|Any CPU = Release|Any CPU
	EndGlobalSection
	GlobalSection(ProjectConfigurationPlatforms) = postSolution
		{FB9C2DF3-3959-47C2-BD86-4BD2F185AA83}.Debug|Any CPU.ActiveCfg = Debug|Any CPU
		{FB9C2DF3-3959-47C2-BD86-4BD2F185AA83}.Debug|Any CPU.Build.0 = Debug|Any CPU
		{FB9C2DF3-3959-47C2-BD86-4BD2F185AA83}.Release|Any CPU.ActiveCfg = Release|Any CPU
		{FB9C2DF3-3959-47C2-BD86-4BD2F185AA83}.Release|Any CPU.Build.0 = Release|Any CPU
	EndGlobalSection
	GlobalSection(SolutionProperties) = preSolution
		HideSolutionNode = FALSE
	EndGlobalSection
	GlobalSection(ExtensibilityGlobals) = postSolution
		SolutionGuid = {0FCFBE83-ED5F-4634-9A79-A6D5D01E11FC}
	EndGlobalSection
EndGlobal
